
Microsoft Visual Studio Solution File, Format Version 12.00
# Visual Studio Version 16
VisualStudioVersion = 16.0.30711.63
MinimumVisualStudioVersion = 10.0.40219.1
Project("{9A19103F-16F7-4668-BE54-9A1E7A4F7556}") = "Crisp8", "Crisp8\Crisp8.csproj", "{9DE0F7B2-6A58-42CD-9A65-821B413DC9F7}"
EndProject
Project("{FAE04EC0-301F-11D3-BF4B-00C04F79EFBC}") = "CrispForms", "CrispForms\CrispForms.csproj", "{A981CC46-E366-4356-AAF2-B2D7D2C55A80}"
EndProject
Global
	GlobalSection(SolutionConfigurationPlatforms) = preSolution
		Debug|Any CPU = Debug|Any CPU
		Debug|ARM = Debug|ARM
		Debug|ARM64 = Debug|ARM64
		Debug|x64 = Debug|x64
		Debug|x86 = Debug|x86
		Release|Any CPU = Release|Any CPU
		Release|ARM = Release|ARM
		Release|ARM64 = Release|ARM64
		Release|x64 = Release|x64
		Release|x86 = Release|x86
	EndGlobalSection
	GlobalSection(ProjectConfigurationPlatforms) = postSolution
		{9DE0F7B2-6A58-42CD-9A65-821B413DC9F7}.Debug|Any CPU.ActiveCfg = Debug|Any CPU
		{9DE0F7B2-6A58-42CD-9A65-821B413DC9F7}.Debug|Any CPU.Build.0 = Debug|Any CPU
		{9DE0F7B2-6A58-42CD-9A65-821B413DC9F7}.Debug|ARM.ActiveCfg = Debug|Any CPU
		{9DE0F7B2-6A58-42CD-9A65-821B413DC9F7}.Debug|ARM.Build.0 = Debug|Any CPU
		{9DE0F7B2-6A58-42CD-9A65-821B413DC9F7}.Debug|ARM64.ActiveCfg = Debug|Any CPU
		{9DE0F7B2-6A58-42CD-9A65-821B413DC9F7}.Debug|ARM64.Build.0 = Debug|Any CPU
		{9DE0F7B2-6A58-42CD-9A65-821B413DC9F7}.Debug|x64.ActiveCfg = Debug|Any CPU
		{9DE0F7B2-6A58-42CD-9A65-821B413DC9F7}.Debug|x64.Build.0 = Debug|Any CPU
		{9DE0F7B2-6A58-42CD-9A65-821B413DC9F7}.Debug|x86.ActiveCfg = Debug|Any CPU
		{9DE0F7B2-6A58-42CD-9A65-821B413DC9F7}.Debug|x86.Build.0 = Debug|Any CPU
		{9DE0F7B2-6A58-42CD-9A65-821B413DC9F7}.Release|Any CPU.ActiveCfg = Release|Any CPU
		{9DE0F7B2-6A58-42CD-9A65-821B413DC9F7}.Release|Any CPU.Build.0 = Release|Any CPU
		{9DE0F7B2-6A58-42CD-9A65-821B413DC9F7}.Release|ARM.ActiveCfg = Release|Any CPU
		{9DE0F7B2-6A58-42CD-9A65-821B413DC9F7}.Release|ARM.Build.0 = Release|Any CPU
		{9DE0F7B2-6A58-42CD-9A65-821B413DC9F7}.Release|ARM64.ActiveCfg = Release|Any CPU
		{9DE0F7B2-6A58-42CD-9A65-821B413DC9F7}.Release|ARM64.Build.0 = Release|Any CPU
		{9DE0F7B2-6A58-42CD-9A65-821B413DC9F7}.Release|x64.ActiveCfg = Release|Any CPU
		{9DE0F7B2-6A58-42CD-9A65-821B413DC9F7}.Release|x64.Build.0 = Release|Any CPU
		{9DE0F7B2-6A58-42CD-9A65-821B413DC9F7}.Release|x86.ActiveCfg = Release|Any CPU
		{9DE0F7B2-6A58-42CD-9A65-821B413DC9F7}.Release|x86.Build.0 = Release|Any CPU
		{A981CC46-E366-4356-AAF2-B2D7D2C55A80}.Debug|Any CPU.ActiveCfg = Debug|Any CPU
		{A981CC46-E366-4356-AAF2-B2D7D2C55A80}.Debug|Any CPU.Build.0 = Debug|Any CPU
		{A981CC46-E366-4356-AAF2-B2D7D2C55A80}.Debug|ARM.ActiveCfg = Debug|Any CPU
		{A981CC46-E366-4356-AAF2-B2D7D2C55A80}.Debug|ARM.Build.0 = Debug|Any CPU
		{A981CC46-E366-4356-AAF2-B2D7D2C55A80}.Debug|ARM64.ActiveCfg = Debug|Any CPU
		{A981CC46-E366-4356-AAF2-B2D7D2C55A80}.Debug|ARM64.Build.0 = Debug|Any CPU
		{A981CC46-E366-4356-AAF2-B2D7D2C55A80}.Debug|x64.ActiveCfg = Debug|Any CPU
		{A981CC46-E366-4356-AAF2-B2D7D2C55A80}.Debug|x64.Build.0 = Debug|Any CPU
		{A981CC46-E366-4356-AAF2-B2D7D2C55A80}.Debug|x86.ActiveCfg = Debug|Any CPU
		{A981CC46-E366-4356-AAF2-B2D7D2C55A80}.Debug|x86.Build.0 = Debug|Any CPU
		{A981CC46-E366-4356-AAF2-B2D7D2C55A80}.Release|Any CPU.ActiveCfg = Release|Any CPU
		{A981CC46-E366-4356-AAF2-B2D7D2C55A80}.Release|Any CPU.Build.0 = Release|Any CPU
		{A981CC46-E366-4356-AAF2-B2D7D2C55A80}.Release|ARM.ActiveCfg = Release|Any CPU
		{A981CC46-E366-4356-AAF2-B2D7D2C55A80}.Release|ARM.Build.0 = Release|Any CPU
		{A981CC46-E366-4356-AAF2-B2D7D2C55A80}.Release|ARM64.ActiveCfg = Release|Any CPU
		{A981CC46-E366-4356-AAF2-B2D7D2C55A80}.Release|ARM64.Build.0 = Release|Any CPU
		{A981CC46-E366-4356-AAF2-B2D7D2C55A80}.Release|x64.ActiveCfg = Release|Any CPU
		{A981CC46-E366-4356-AAF2-B2D7D2C55A80}.Release|x64.Build.0 = Release|Any CPU
		{A981CC46-E366-4356-AAF2-B2D7D2C55A80}.Release|x86.ActiveCfg = Release|Any CPU
		{A981CC46-E366-4356-AAF2-B2D7D2C55A80}.Release|x86.Build.0 = Release|Any CPU
	EndGlobalSection
	GlobalSection(SolutionProperties) = preSolution
		HideSolutionNode = FALSE
	EndGlobalSection
	GlobalSection(ExtensibilityGlobals) = postSolution
		SolutionGuid = {0A1A766F-B957-4A64-9A5A-D1044F4BD381}
	EndGlobalSection
EndGlobal
